Microsoft Visual Studio Solution File, Format Version 12.00
# Visual Studio 15
Project("{8BC9CEB8-8B4A-11D0-8D11-00A0C91BC942}") = "ALL_BUILD", "ALL_BUILD.vcxproj", "{5482E46B-33B3-3997-B74C-3D6BEF5B3AD3}"
	ProjectSection(ProjectDependencies) = postProject
		{90551048-CEF1-37DB-B106-641A5507FCF8} = {90551048-CEF1-37DB-B106-641A5507FCF8}
		{FE9FAD8A-72B4-3021-BDBB-39D516595D19} = {FE9FAD8A-72B4-3021-BDBB-39D516595D19}
		{3EFDCF20-1189-3D30-BAF7-B03B973715BC} = {3EFDCF20-1189-3D30-BAF7-B03B973715BC}
	EndProjectSection
EndProject
Project("{8BC9CEB8-8B4A-11D0-8D11-00A0C91BC942}") = "ZERO_CHECK", "ZERO_CHECK.vcxproj", "{90551048-CEF1-37DB-B106-641A5507FCF8}"
	ProjectSection(ProjectDependencies) = postProject
	EndProjectSection
EndProject
Project("{8BC9CEB8-8B4A-11D0-8D11-00A0C91BC942}") = "mangosd", "src\server\mangosd.vcxproj", "{FE9FAD8A-72B4-3021-BDBB-39D516595D19}"
	ProjectSection(ProjectDependencies) = postProject
		{90551048-CEF1-37DB-B106-641A5507FCF8} = {90551048-CEF1-37DB-B106-641A5507FCF8}
	EndProjectSection
EndProject
Project("{8BC9CEB8-8B4A-11D0-8D11-00A0C91BC942}") = "utils", "src\utils\utils.vcxproj", "{3EFDCF20-1189-3D30-BAF7-B03B973715BC}"
	ProjectSection(ProjectDependencies) = postProject
		{90551048-CEF1-37DB-B106-641A5507FCF8} = {90551048-CEF1-37DB-B106-641A5507FCF8}
	EndProjectSection
EndProject
Global
	GlobalSection(SolutionConfigurationPlatforms) = preSolution
		Debug|Win32 = Debug|Win32
		Release|Win32 = Release|Win32
		MinSizeRel|Win32 = MinSizeRel|Win32
		RelWithDebInfo|Win32 = RelWithDebInfo|Win32
	EndGlobalSection
	GlobalSection(ProjectConfigurationPlatforms) = postSolution
		{5482E46B-33B3-3997-B74C-3D6BEF5B3AD3}.Debug|Win32.ActiveCfg = Debug|Win32
		{5482E46B-33B3-3997-B74C-3D6BEF5B3AD3}.Release|Win32.ActiveCfg = Release|Win32
		{5482E46B-33B3-3997-B74C-3D6BEF5B3AD3}.MinSizeRel|Win32.ActiveCfg = MinSizeRel|Win32
		{5482E46B-33B3-3997-B74C-3D6BEF5B3AD3}.RelWithDebInfo|Win32.ActiveCfg = RelWithDebInfo|Win32
		{90551048-CEF1-37DB-B106-641A5507FCF8}.Debug|Win32.ActiveCfg = Debug|Win32
		{90551048-CEF1-37DB-B106-641A5507FCF8}.Debug|Win32.Build.0 = Debug|Win32
		{90551048-CEF1-37DB-B106-641A5507FCF8}.Release|Win32.ActiveCfg = Release|Win32
		{90551048-CEF1-37DB-B106-641A5507FCF8}.Release|Win32.Build.0 = Release|Win32
		{90551048-CEF1-37DB-B106-641A5507FCF8}.MinSizeRel|Win32.ActiveCfg = MinSizeRel|Win32
		{90551048-CEF1-37DB-B106-641A5507FCF8}.MinSizeRel|Win32.Build.0 = MinSizeRel|Win32
		{90551048-CEF1-37DB-B106-641A5507FCF8}.RelWithDebInfo|Win32.ActiveCfg = RelWithDebInfo|Win32
		{90551048-CEF1-37DB-B106-641A5507FCF8}.RelWithDebInfo|Win32.Build.0 = RelWithDebInfo|Win32
		{FE9FAD8A-72B4-3021-BDBB-39D516595D19}.Debug|Win32.ActiveCfg = Debug|Win32
		{FE9FAD8A-72B4-3021-BDBB-39D516595D19}.Debug|Win32.Build.0 = Debug|Win32
		{FE9FAD8A-72B4-3021-BDBB-39D516595D19}.Release|Win32.ActiveCfg = Release|Win32
		{FE9FAD8A-72B4-3021-BDBB-39D516595D19}.Release|Win32.Build.0 = Release|Win32
		{FE9FAD8A-72B4-3021-BDBB-39D516595D19}.MinSizeRel|Win32.ActiveCfg = MinSizeRel|Win32
		{FE9FAD8A-72B4-3021-BDBB-39D516595D19}.MinSizeRel|Win32.Build.0 = MinSizeRel|Win32
		{FE9FAD8A-72B4-3021-BDBB-39D516595D19}.RelWithDebInfo|Win32.ActiveCfg = RelWithDebInfo|Win32
		{FE9FAD8A-72B4-3021-BDBB-39D516595D19}.RelWithDebInfo|Win32.Build.0 = RelWithDebInfo|Win32
		{3EFDCF20-1189-3D30-BAF7-B03B973715BC}.Debug|Win32.ActiveCfg = Debug|Win32
		{3EFDCF20-1189-3D30-BAF7-B03B973715BC}.Debug|Win32.Build.0 = Debug|Win32
		{3EFDCF20-1189-3D30-BAF7-B03B973715BC}.Release|Win32.ActiveCfg = Release|Win32
		{3EFDCF20-1189-3D30-BAF7-B03B973715BC}.Release|Win32.Build.0 = Release|Win32
		{3EFDCF20-1189-3D30-BAF7-B03B973715BC}.MinSizeRel|Win32.ActiveCfg = MinSizeRel|Win32
		{3EFDCF20-1189-3D30-BAF7-B03B973715BC}.MinSizeRel|Win32.Build.0 = MinSizeRel|Win32
		{3EFDCF20-1189-3D30-BAF7-B03B973715BC}.RelWithDebInfo|Win32.ActiveCfg = RelWithDebInfo|Win32
		{3EFDCF20-1189-3D30-BAF7-B03B973715BC}.RelWithDebInfo|Win32.Build.0 = RelWithDebInfo|Win32
	EndGlobalSection
	GlobalSection(ExtensibilityGlobals) = postSolution
	EndGlobalSection
	GlobalSection(ExtensibilityAddIns) = postSolution
	EndGlobalSection
EndGlobal
