Microsoft Visual Studio Solution File, Format Version 12.00
# Visual Studio 15
Project("{8BC9CEB8-8B4A-11D0-8D11-00A0C91BC942}") = "ALL_BUILD", "ALL_BUILD.vcxproj", "{5482E46B-33B3-3997-B74C-3D6BEF5B3AD3}"
	ProjectSection(ProjectDependencies) = postProject
		{90551048-CEF1-37DB-B106-641A5507FCF8} = {90551048-CEF1-37DB-B106-641A5507FCF8}
		{F13B84FF-BD55-326B-8BED-BDA2E67E9684} = {F13B84FF-BD55-326B-8BED-BDA2E67E9684}
		{53B72C33-FF20-314C-9B96-07623B000F3D} = {53B72C33-FF20-314C-9B96-07623B000F3D}
		{463BC3C3-9D4B-3616-A03B-D533EF43F62F} = {463BC3C3-9D4B-3616-A03B-D533EF43F62F}
	EndProjectSection
EndProject
Project("{8BC9CEB8-8B4A-11D0-8D11-00A0C91BC942}") = "INSTALL", "INSTALL.vcxproj", "{D11BB2E0-65A1-3BDD-96CF-82C44B69B06E}"
	ProjectSection(ProjectDependencies) = postProject
		{5482E46B-33B3-3997-B74C-3D6BEF5B3AD3} = {5482E46B-33B3-3997-B74C-3D6BEF5B3AD3}
		{90551048-CEF1-37DB-B106-641A5507FCF8} = {90551048-CEF1-37DB-B106-641A5507FCF8}
	EndProjectSection
EndProject
Project("{8BC9CEB8-8B4A-11D0-8D11-00A0C91BC942}") = "ZERO_CHECK", "ZERO_CHECK.vcxproj", "{90551048-CEF1-37DB-B106-641A5507FCF8}"
	ProjectSection(ProjectDependencies) = postProject
	EndProjectSection
EndProject
Project("{8BC9CEB8-8B4A-11D0-8D11-00A0C91BC942}") = "common", "src\common\common.vcxproj", "{F13B84FF-BD55-326B-8BED-BDA2E67E9684}"
	ProjectSection(ProjectDependencies) = postProject
		{90551048-CEF1-37DB-B106-641A5507FCF8} = {90551048-CEF1-37DB-B106-641A5507FCF8}
	EndProjectSection
EndProject
Project("{8BC9CEB8-8B4A-11D0-8D11-00A0C91BC942}") = "database", "src\server\database\database.vcxproj", "{53B72C33-FF20-314C-9B96-07623B000F3D}"
	ProjectSection(ProjectDependencies) = postProject
		{90551048-CEF1-37DB-B106-641A5507FCF8} = {90551048-CEF1-37DB-B106-641A5507FCF8}
		{F13B84FF-BD55-326B-8BED-BDA2E67E9684} = {F13B84FF-BD55-326B-8BED-BDA2E67E9684}
	EndProjectSection
EndProject
Project("{8BC9CEB8-8B4A-11D0-8D11-00A0C91BC942}") = "world_server", "src\server\world\world_server.vcxproj", "{463BC3C3-9D4B-3616-A03B-D533EF43F62F}"
	ProjectSection(ProjectDependencies) = postProject
		{90551048-CEF1-37DB-B106-641A5507FCF8} = {90551048-CEF1-37DB-B106-641A5507FCF8}
		{F13B84FF-BD55-326B-8BED-BDA2E67E9684} = {F13B84FF-BD55-326B-8BED-BDA2E67E9684}
		{53B72C33-FF20-314C-9B96-07623B000F3D} = {53B72C33-FF20-314C-9B96-07623B000F3D}
	EndProjectSection
EndProject
Global
	GlobalSection(SolutionConfigurationPlatforms) = preSolution
		Debug|Win32 = Debug|Win32
		Release|Win32 = Release|Win32
		MinSizeRel|Win32 = MinSizeRel|Win32
		RelWithDebInfo|Win32 = RelWithDebInfo|Win32
	EndGlobalSection
	GlobalSection(ProjectConfigurationPlatforms) = postSolution
		{5482E46B-33B3-3997-B74C-3D6BEF5B3AD3}.Debug|Win32.ActiveCfg = Debug|Win32
		{5482E46B-33B3-3997-B74C-3D6BEF5B3AD3}.Debug|Win32.Build.0 = Debug|Win32
		{5482E46B-33B3-3997-B74C-3D6BEF5B3AD3}.Release|Win32.ActiveCfg = Release|Win32
		{5482E46B-33B3-3997-B74C-3D6BEF5B3AD3}.Release|Win32.Build.0 = Release|Win32
		{5482E46B-33B3-3997-B74C-3D6BEF5B3AD3}.MinSizeRel|Win32.ActiveCfg = MinSizeRel|Win32
		{5482E46B-33B3-3997-B74C-3D6BEF5B3AD3}.MinSizeRel|Win32.Build.0 = MinSizeRel|Win32
		{5482E46B-33B3-3997-B74C-3D6BEF5B3AD3}.RelWithDebInfo|Win32.ActiveCfg = RelWithDebInfo|Win32
		{5482E46B-33B3-3997-B74C-3D6BEF5B3AD3}.RelWithDebInfo|Win32.Build.0 = RelWithDebInfo|Win32
		{D11BB2E0-65A1-3BDD-96CF-82C44B69B06E}.Debug|Win32.ActiveCfg = Debug|Win32
		{D11BB2E0-65A1-3BDD-96CF-82C44B69B06E}.Release|Win32.ActiveCfg = Release|Win32
		{D11BB2E0-65A1-3BDD-96CF-82C44B69B06E}.MinSizeRel|Win32.ActiveCfg = MinSizeRel|Win32
		{D11BB2E0-65A1-3BDD-96CF-82C44B69B06E}.RelWithDebInfo|Win32.ActiveCfg = RelWithDebInfo|Win32
		{90551048-CEF1-37DB-B106-641A5507FCF8}.Debug|Win32.ActiveCfg = Debug|Win32
		{90551048-CEF1-37DB-B106-641A5507FCF8}.Debug|Win32.Build.0 = Debug|Win32
		{90551048-CEF1-37DB-B106-641A5507FCF8}.Release|Win32.ActiveCfg = Release|Win32
		{90551048-CEF1-37DB-B106-641A5507FCF8}.Release|Win32.Build.0 = Release|Win32
		{90551048-CEF1-37DB-B106-641A5507FCF8}.MinSizeRel|Win32.ActiveCfg = MinSizeRel|Win32
		{90551048-CEF1-37DB-B106-641A5507FCF8}.MinSizeRel|Win32.Build.0 = MinSizeRel|Win32
		{90551048-CEF1-37DB-B106-641A5507FCF8}.RelWithDebInfo|Win32.ActiveCfg = RelWithDebInfo|Win32
		{90551048-CEF1-37DB-B106-641A5507FCF8}.RelWithDebInfo|Win32.Build.0 = RelWithDebInfo|Win32
		{F13B84FF-BD55-326B-8BED-BDA2E67E9684}.Debug|Win32.ActiveCfg = Debug|Win32
		{F13B84FF-BD55-326B-8BED-BDA2E67E9684}.Debug|Win32.Build.0 = Debug|Win32
		{F13B84FF-BD55-326B-8BED-BDA2E67E9684}.Release|Win32.ActiveCfg = Release|Win32
		{F13B84FF-BD55-326B-8BED-BDA2E67E9684}.Release|Win32.Build.0 = Release|Win32
		{F13B84FF-BD55-326B-8BED-BDA2E67E9684}.MinSizeRel|Win32.ActiveCfg = MinSizeRel|Win32
		{F13B84FF-BD55-326B-8BED-BDA2E67E9684}.MinSizeRel|Win32.Build.0 = MinSizeRel|Win32
		{F13B84FF-BD55-326B-8BED-BDA2E67E9684}.RelWithDebInfo|Win32.ActiveCfg = RelWithDebInfo|Win32
		{F13B84FF-BD55-326B-8BED-BDA2E67E9684}.RelWithDebInfo|Win32.Build.0 = RelWithDebInfo|Win32
		{53B72C33-FF20-314C-9B96-07623B000F3D}.Debug|Win32.ActiveCfg = Debug|Win32
		{53B72C33-FF20-314C-9B96-07623B000F3D}.Debug|Win32.Build.0 = Debug|Win32
		{53B72C33-FF20-314C-9B96-07623B000F3D}.Release|Win32.ActiveCfg = Release|Win32
		{53B72C33-FF20-314C-9B96-07623B000F3D}.Release|Win32.Build.0 = Release|Win32
		{53B72C33-FF20-314C-9B96-07623B000F3D}.MinSizeRel|Win32.ActiveCfg = MinSizeRel|Win32
		{53B72C33-FF20-314C-9B96-07623B000F3D}.MinSizeRel|Win32.Build.0 = MinSizeRel|Win32
		{53B72C33-FF20-314C-9B96-07623B000F3D}.RelWithDebInfo|Win32.ActiveCfg = RelWithDebInfo|Win32
		{53B72C33-FF20-314C-9B96-07623B000F3D}.RelWithDebInfo|Win32.Build.0 = RelWithDebInfo|Win32
		{463BC3C3-9D4B-3616-A03B-D533EF43F62F}.Debug|Win32.ActiveCfg = Debug|Win32
		{463BC3C3-9D4B-3616-A03B-D533EF43F62F}.Debug|Win32.Build.0 = Debug|Win32
		{463BC3C3-9D4B-3616-A03B-D533EF43F62F}.Release|Win32.ActiveCfg = Release|Win32
		{463BC3C3-9D4B-3616-A03B-D533EF43F62F}.Release|Win32.Build.0 = Release|Win32
		{463BC3C3-9D4B-3616-A03B-D533EF43F62F}.MinSizeRel|Win32.ActiveCfg = MinSizeRel|Win32
		{463BC3C3-9D4B-3616-A03B-D533EF43F62F}.MinSizeRel|Win32.Build.0 = MinSizeRel|Win32
		{463BC3C3-9D4B-3616-A03B-D533EF43F62F}.RelWithDebInfo|Win32.ActiveCfg = RelWithDebInfo|Win32
		{463BC3C3-9D4B-3616-A03B-D533EF43F62F}.RelWithDebInfo|Win32.Build.0 = RelWithDebInfo|Win32
	EndGlobalSection
	GlobalSection(ExtensibilityGlobals) = postSolution
	EndGlobalSection
	GlobalSection(ExtensibilityAddIns) = postSolution
	EndGlobalSection
EndGlobal
